
Microsoft Visual Studio Solution File, Format Version 12.00
# Visual Studio Version 16
VisualStudioVersion = 16.0.31025.194
MinimumVisualStudioVersion = 10.0.40219.1
Project("{FAE04EC0-301F-11D3-BF4B-00C04F79EFBC}") = "DezireDhimasTestApi", "DezireDhimasTestApi\DezireDhimasTestApi.csproj", "{BF6BD7A1-60F3-40F2-9C93-D6286FB3DDEB}"
EndProject
Global
	GlobalSection(SolutionConfigurationPlatforms) = preSolution
		Debug|Any CPU = Debug|Any CPU
		Release|Any CPU = Release|Any CPU
	EndGlobalSection
	GlobalSection(ProjectConfigurationPlatforms) = postSolution
		{BF6BD7A1-60F3-40F2-9C93-D6286FB3DDEB}.Debug|Any CPU.ActiveCfg = Debug|Any CPU
		{BF6BD7A1-60F3-40F2-9C93-D6286FB3DDEB}.Debug|Any CPU.Build.0 = Debug|Any CPU
		{BF6BD7A1-60F3-40F2-9C93-D6286FB3DDEB}.Release|Any CPU.ActiveCfg = Release|Any CPU
		{BF6BD7A1-60F3-40F2-9C93-D6286FB3DDEB}.Release|Any CPU.Build.0 = Release|Any CPU
	EndGlobalSection
	GlobalSection(SolutionProperties) = preSolution
		HideSolutionNode = FALSE
	EndGlobalSection
	GlobalSection(ExtensibilityGlobals) = postSolution
		SolutionGuid = {36C65E17-87E0-4E1E-A57C-197CCFECD05E}
	EndGlobalSection
EndGlobal
